
Microsoft Visual Studio Solution File, Format Version 12.00
Project("{FAE04EC0-301F-11D3-BF4B-00C04F79EFBC}") = "BYT03.TaskOne", "src\BYT03.TaskOne\BYT03.TaskOne.csproj", "{4D4015EF-3D96-4473-B2D4-6D8009ACD3DD}"
EndProject
Project("{FAE04EC0-301F-11D3-BF4B-00C04F79EFBC}") = "BYT03.TaskOneTests", "src\BYT03.TaskOneTests\BYT03.TaskOneTests.csproj", "{8A0ACE17-85F4-4132-A41D-6AE5A08F92D8}"
EndProject
Global
	GlobalSection(SolutionConfigurationPlatforms) = preSolution
		Debug|Any CPU = Debug|Any CPU
		Release|Any CPU = Release|Any CPU
	EndGlobalSection
	GlobalSection(ProjectConfigurationPlatforms) = postSolution
		{4D4015EF-3D96-4473-B2D4-6D8009ACD3DD}.Debug|Any CPU.ActiveCfg = Debug|Any CPU
		{4D4015EF-3D96-4473-B2D4-6D8009ACD3DD}.Debug|Any CPU.Build.0 = Debug|Any CPU
		{4D4015EF-3D96-4473-B2D4-6D8009ACD3DD}.Release|Any CPU.ActiveCfg = Release|Any CPU
		{4D4015EF-3D96-4473-B2D4-6D8009ACD3DD}.Release|Any CPU.Build.0 = Release|Any CPU
		{8A0ACE17-85F4-4132-A41D-6AE5A08F92D8}.Debug|Any CPU.ActiveCfg = Debug|Any CPU
		{8A0ACE17-85F4-4132-A41D-6AE5A08F92D8}.Debug|Any CPU.Build.0 = Debug|Any CPU
		{8A0ACE17-85F4-4132-A41D-6AE5A08F92D8}.Release|Any CPU.ActiveCfg = Release|Any CPU
		{8A0ACE17-85F4-4132-A41D-6AE5A08F92D8}.Release|Any CPU.Build.0 = Release|Any CPU
	EndGlobalSection
EndGlobal
